
Microsoft Visual Studio Solution File, Format Version 12.00
# Visual Studio Version 16
VisualStudioVersion = 16.0.28922.388
MinimumVisualStudioVersion = 10.0.40219.1
Project("{FAE04EC0-301F-11D3-BF4B-00C04F79EFBC}") = "AbstractFactory", "AbstractFactory.csproj", "{28124B9F-3931-496E-9127-85E4C758C539}"
EndProject
Global
	GlobalSection(SolutionConfigurationPlatforms) = preSolution
		Debug|Any CPU = Debug|Any CPU
		Release|Any CPU = Release|Any CPU
	EndGlobalSection
	GlobalSection(ProjectConfigurationPlatforms) = postSolution
		{28124B9F-3931-496E-9127-85E4C758C539}.Debug|Any CPU.ActiveCfg = Debug|Any CPU
		{28124B9F-3931-496E-9127-85E4C758C539}.Debug|Any CPU.Build.0 = Debug|Any CPU
		{28124B9F-3931-496E-9127-85E4C758C539}.Release|Any CPU.ActiveCfg = Release|Any CPU
		{28124B9F-3931-496E-9127-85E4C758C539}.Release|Any CPU.Build.0 = Release|Any CPU
	EndGlobalSection
	GlobalSection(SolutionProperties) = preSolution
		HideSolutionNode = FALSE
	EndGlobalSection
	GlobalSection(ExtensibilityGlobals) = postSolution
		SolutionGuid = {0D533AE8-80AB-447E-A3A4-B503629BBDFA}
	EndGlobalSection
EndGlobal
