
Microsoft Visual Studio Solution File, Format Version 12.00
# Visual Studio Version 16
VisualStudioVersion = 16.0.28922.388
MinimumVisualStudioVersion = 10.0.40219.1
Project("{FAE04EC0-301F-11D3-BF4B-00C04F79EFBC}") = "FactoryMethod", "FactoryMethod.csproj", "{AA7ED079-9FAC-4A60-8425-EEB5BAABE007}"
EndProject
Global
	GlobalSection(SolutionConfigurationPlatforms) = preSolution
		Debug|Any CPU = Debug|Any CPU
		Release|Any CPU = Release|Any CPU
	EndGlobalSection
	GlobalSection(ProjectConfigurationPlatforms) = postSolution
		{AA7ED079-9FAC-4A60-8425-EEB5BAABE007}.Debug|Any CPU.ActiveCfg = Debug|Any CPU
		{AA7ED079-9FAC-4A60-8425-EEB5BAABE007}.Debug|Any CPU.Build.0 = Debug|Any CPU
		{AA7ED079-9FAC-4A60-8425-EEB5BAABE007}.Release|Any CPU.ActiveCfg = Release|Any CPU
		{AA7ED079-9FAC-4A60-8425-EEB5BAABE007}.Release|Any CPU.Build.0 = Release|Any CPU
	EndGlobalSection
	GlobalSection(SolutionProperties) = preSolution
		HideSolutionNode = FALSE
	EndGlobalSection
	GlobalSection(ExtensibilityGlobals) = postSolution
		SolutionGuid = {32F4CFD1-76F7-4669-8B10-74708A0EF348}
	EndGlobalSection
EndGlobal
